
Microsoft Visual Studio Solution File, Format Version 12.00
# Visual Studio 15
VisualStudioVersion = 15.0.27004.2008
MinimumVisualStudioVersion = 10.0.40219.1
Project("{FAE04EC0-301F-11D3-BF4B-00C04F79EFBC}") = "AspNetVs2017.capitulo01.Variaveis", "AspNetVs2017.capitulo01.Variaveis\AspNetVs2017.capitulo01.Variaveis.csproj", "{73CA0A70-0076-4372-9FE3-DCC61F6B3892}"
EndProject
Project("{FAE04EC0-301F-11D3-BF4B-00C04F79EFBC}") = "AspNetVS2017.capitulo01.Troco", "AspNetVS2017.capitulo01.Troco\AspNetVS2017.capitulo01.Troco.csproj", "{405246D8-8E25-4687-93BE-DAB7CAD0EC38}"
EndProject
Project("{FAE04EC0-301F-11D3-BF4B-00C04F79EFBC}") = "AspNetVS2017.capitulo01.Fretes", "AspNetVS2017.capitulo01.Fretes\AspNetVS2017.capitulo01.Fretes.csproj", "{C831335A-F2C5-44FF-96E2-B111E4359730}"
EndProject
Project("{FAE04EC0-301F-11D3-BF4B-00C04F79EFBC}") = "AspNetVs2017.campitulo01.Tabuada", "AspNetVs2017.campitulo01.Tabuada\AspNetVs2017.campitulo01.Tabuada.csproj", "{EB58676E-68CA-4ADF-B914-F6FFDB5290C1}"
EndProject
Project("{FAE04EC0-301F-11D3-BF4B-00C04F79EFBC}") = "AspNetVS2017.Capitulo01.Repeticao.Testes", "AspNetVS2017.Capitulo01.Repeticao.Testes\AspNetVS2017.Capitulo01.Repeticao.Testes.csproj", "{77FBAA06-4663-4DAC-86C0-A910B263568C}"
EndProject
Project("{FAE04EC0-301F-11D3-BF4B-00C04F79EFBC}") = "AspNetVS2017.Capitulo01.Vetores.Teste", "AspNetVS2017.Capitulo01.Vetores.Teste\AspNetVS2017.Capitulo01.Vetores.Teste.csproj", "{333CDF0D-EDC0-412D-9180-78466690F59F}"
EndProject
Project("{2150E333-8FDC-42A3-9474-1A3956D46DE8}") = "Oficina", "Oficina", "{0CCF0367-D049-4DDD-8233-8F0DC7D0E158}"
EndProject
Project("{FAE04EC0-301F-11D3-BF4B-00C04F79EFBC}") = "Oficina.Dominio", "Oficina.Dominio\Oficina.Dominio.csproj", "{AC4C07E9-6470-44DA-A585-CBF0308B5FE5}"
EndProject
Project("{FAE04EC0-301F-11D3-BF4B-00C04F79EFBC}") = "Oficina.Repositorios.SistemaDeArquivos", "Oficina.Repositorios.SistemaDeArquivos\Oficina.Repositorios.SistemaDeArquivos.csproj", "{B081EBF4-D6E9-46D2-A7D1-F1A957C84331}"
EndProject
Project("{FAE04EC0-301F-11D3-BF4B-00C04F79EFBC}") = "Oficina.Repositorios.SistemaDeArquivosTests", "Oficina.Repositorios.SistemaDeArquivosTests\Oficina.Repositorios.SistemaDeArquivosTests.csproj", "{2C57E840-BAC6-4277-9805-AD7924CD17C4}"
EndProject
Project("{FAE04EC0-301F-11D3-BF4B-00C04F79EFBC}") = "Oficina.WebPages", "Oficina.WebPages\Oficina.WebPages.csproj", "{7FEB0035-D0EC-4D36-BE25-AC8182C76F9B}"
EndProject
Project("{FAE04EC0-301F-11D3-BF4B-00C04F79EFBC}") = "AspNetVS2017.Capitulo02.Http.Testes", "AspNetVS2017.Capitulo02.Http.Testes\AspNetVS2017.Capitulo02.Http.Testes.csproj", "{E6688FE2-60CA-4F8C-9A6B-D3D42B109FCC}"
EndProject
Project("{FAE04EC0-301F-11D3-BF4B-00C04F79EFBC}") = "AspNetVS2017.Capitulo03.Mvc.Portfolio", "AspNetVS2017.Capitulo03.Mvc.Portfolio\AspNetVS2017.Capitulo03.Mvc.Portfolio.csproj", "{6F07AD34-E456-4481-9ECF-16A6C342A45D}"
EndProject
Project("{2150E333-8FDC-42A3-9474-1A3956D46DE8}") = "ViagensOnLine", "ViagensOnLine", "{64928F5B-120F-4166-AEAD-944773A04BE9}"
EndProject
Project("{FAE04EC0-301F-11D3-BF4B-00C04F79EFBC}") = "ViagensOnLine.Dominio", "ViagensOnLine.Dominio\ViagensOnLine.Dominio.csproj", "{75CB2FB0-906E-4010-A201-3DFC01B01BD6}"
EndProject
Project("{FAE04EC0-301F-11D3-BF4B-00C04F79EFBC}") = "ViagensOnLine.Repositorios.SqlServer", "ViagensOnLine.Repositorios.SqlServer\ViagensOnLine.Repositorios.SqlServer.csproj", "{D3389D16-7237-49EA-94FB-53695C82C5D4}"
EndProject
Project("{FAE04EC0-301F-11D3-BF4B-00C04F79EFBC}") = "ViagensOnLine.Repositorios.SqlServerTests", "ViagensOnLine.Repositorios.SqlServerTests\ViagensOnLine.Repositorios.SqlServerTests.csproj", "{87C08998-17C4-454E-9AD5-03203DFEE926}"
EndProject
Project("{FAE04EC0-301F-11D3-BF4B-00C04F79EFBC}") = "ViagensOnline.Mvc", "ViagensOnline.Mvc\ViagensOnline.Mvc.csproj", "{27B5EAB4-45BC-433A-A942-96282967F8C3}"
EndProject
Project("{2150E333-8FDC-42A3-9474-1A3956D46DE8}") = "Pessoal", "Pessoal", "{7B9D8F9E-3E02-480B-B4DC-02C87ABB550E}"
EndProject
Project("{FAE04EC0-301F-11D3-BF4B-00C04F79EFBC}") = "Pessoal.Dominio", "Pessoal.Dominio\Pessoal.Dominio.csproj", "{702D3F48-FAE6-437C-A4D4-893172E628F5}"
EndProject
Project("{FAE04EC0-301F-11D3-BF4B-00C04F79EFBC}") = "Pessoal.Repositorios.SqlServer", "Pessoal.Repositorios.SqlServer\Pessoal.Repositorios.SqlServer.csproj", "{BBB32F07-0BA4-4AF5-909E-6E43C25C8CDD}"
EndProject
Project("{FAE04EC0-301F-11D3-BF4B-00C04F79EFBC}") = "Pessoal.Repositorios.SqlServerTests", "Pessoal.Repositorios.SqlServerTests\Pessoal.Repositorios.SqlServerTests.csproj", "{267640F9-2BD7-4C88-87D7-AA2B29912F43}"
EndProject
Project("{9A19103F-16F7-4668-BE54-9A1E7A4F7556}") = "Pessoal.Mvc", "Pessoal.Mvc\Pessoal.Mvc.csproj", "{31B741FB-A219-40D9-ABB1-33535DD06FF4}"
EndProject
Project("{FAE04EC0-301F-11D3-BF4B-00C04F79EFBC}") = "AspNetVS2017.Capitulo8.EFModelDatabaseFirst", "AspNetVS2017.Capitulo8.EFModelDatabaseFirst\AspNetVS2017.Capitulo8.EFModelDatabaseFirst.csproj", "{541EF2D5-0E2F-44E8-914D-B2B8C138A5AD}"
EndProject
Project("{2150E333-8FDC-42A3-9474-1A3956D46DE8}") = "Northwind", "Northwind", "{CDCF1740-D46D-4505-8E06-882C85CB5253}"
EndProject
Project("{FAE04EC0-301F-11D3-BF4B-00C04F79EFBC}") = "Northwind.Repositorios.SqlServer", "Northwind.Repositorios.SqlServer\Northwind.Repositorios.SqlServer.csproj", "{42135177-5B2E-4CB5-979C-47702759C98F}"
EndProject
Project("{2150E333-8FDC-42A3-9474-1A3956D46DE8}") = "Loja", "Loja", "{74A1757F-5451-411F-917D-006263727BFD}"
EndProject
Project("{FAE04EC0-301F-11D3-BF4B-00C04F79EFBC}") = "Loja.Dominio", "Loja.Dominio\Loja.Dominio.csproj", "{FF26057D-6BF6-437F-8EEF-E6CB81412C09}"
EndProject
Project("{FAE04EC0-301F-11D3-BF4B-00C04F79EFBC}") = "Loja.Repositorios.SqlServer", "Loja.Repositorios.SqlServer\Loja.Repositorios.SqlServer.csproj", "{9E0B7AC7-8D9D-450E-85D4-E5723A109034}"
EndProject
Project("{FAE04EC0-301F-11D3-BF4B-00C04F79EFBC}") = "Loja.Repositorios.SqlServerTests", "Loja.Repositorios.SqlServerTests\Loja.Repositorios.SqlServerTests.csproj", "{C2F8A946-4643-4F1E-9C38-D96108C4051B}"
EndProject
Project("{FAE04EC0-301F-11D3-BF4B-00C04F79EFBC}") = "Loja.Mvc", "Loja.Mvc\Loja.Mvc.csproj", "{00F4CAB7-D5DD-439B-B973-33A1617D7BCF}"
EndProject
Global
	GlobalSection(SolutionConfigurationPlatforms) = preSolution
		Debug|Any CPU = Debug|Any CPU
		Release|Any CPU = Release|Any CPU
	EndGlobalSection
	GlobalSection(ProjectConfigurationPlatforms) = postSolution
		{73CA0A70-0076-4372-9FE3-DCC61F6B3892}.Debug|Any CPU.ActiveCfg = Debug|Any CPU
		{73CA0A70-0076-4372-9FE3-DCC61F6B3892}.Debug|Any CPU.Build.0 = Debug|Any CPU
		{73CA0A70-0076-4372-9FE3-DCC61F6B3892}.Release|Any CPU.ActiveCfg = Release|Any CPU
		{73CA0A70-0076-4372-9FE3-DCC61F6B3892}.Release|Any CPU.Build.0 = Release|Any CPU
		{405246D8-8E25-4687-93BE-DAB7CAD0EC38}.Debug|Any CPU.ActiveCfg = Debug|Any CPU
		{405246D8-8E25-4687-93BE-DAB7CAD0EC38}.Debug|Any CPU.Build.0 = Debug|Any CPU
		{405246D8-8E25-4687-93BE-DAB7CAD0EC38}.Release|Any CPU.ActiveCfg = Release|Any CPU
		{405246D8-8E25-4687-93BE-DAB7CAD0EC38}.Release|Any CPU.Build.0 = Release|Any CPU
		{C831335A-F2C5-44FF-96E2-B111E4359730}.Debug|Any CPU.ActiveCfg = Debug|Any CPU
		{C831335A-F2C5-44FF-96E2-B111E4359730}.Debug|Any CPU.Build.0 = Debug|Any CPU
		{C831335A-F2C5-44FF-96E2-B111E4359730}.Release|Any CPU.ActiveCfg = Release|Any CPU
		{C831335A-F2C5-44FF-96E2-B111E4359730}.Release|Any CPU.Build.0 = Release|Any CPU
		{EB58676E-68CA-4ADF-B914-F6FFDB5290C1}.Debug|Any CPU.ActiveCfg = Debug|Any CPU
		{EB58676E-68CA-4ADF-B914-F6FFDB5290C1}.Debug|Any CPU.Build.0 = Debug|Any CPU
		{EB58676E-68CA-4ADF-B914-F6FFDB5290C1}.Release|Any CPU.ActiveCfg = Release|Any CPU
		{EB58676E-68CA-4ADF-B914-F6FFDB5290C1}.Release|Any CPU.Build.0 = Release|Any CPU
		{77FBAA06-4663-4DAC-86C0-A910B263568C}.Debug|Any CPU.ActiveCfg = Debug|Any CPU
		{77FBAA06-4663-4DAC-86C0-A910B263568C}.Debug|Any CPU.Build.0 = Debug|Any CPU
		{77FBAA06-4663-4DAC-86C0-A910B263568C}.Release|Any CPU.ActiveCfg = Release|Any CPU
		{77FBAA06-4663-4DAC-86C0-A910B263568C}.Release|Any CPU.Build.0 = Release|Any CPU
		{333CDF0D-EDC0-412D-9180-78466690F59F}.Debug|Any CPU.ActiveCfg = Debug|Any CPU
		{333CDF0D-EDC0-412D-9180-78466690F59F}.Debug|Any CPU.Build.0 = Debug|Any CPU
		{333CDF0D-EDC0-412D-9180-78466690F59F}.Release|Any CPU.ActiveCfg = Release|Any CPU
		{333CDF0D-EDC0-412D-9180-78466690F59F}.Release|Any CPU.Build.0 = Release|Any CPU
		{AC4C07E9-6470-44DA-A585-CBF0308B5FE5}.Debug|Any CPU.ActiveCfg = Debug|Any CPU
		{AC4C07E9-6470-44DA-A585-CBF0308B5FE5}.Debug|Any CPU.Build.0 = Debug|Any CPU
		{AC4C07E9-6470-44DA-A585-CBF0308B5FE5}.Release|Any CPU.ActiveCfg = Release|Any CPU
		{AC4C07E9-6470-44DA-A585-CBF0308B5FE5}.Release|Any CPU.Build.0 = Release|Any CPU
		{B081EBF4-D6E9-46D2-A7D1-F1A957C84331}.Debug|Any CPU.ActiveCfg = Debug|Any CPU
		{B081EBF4-D6E9-46D2-A7D1-F1A957C84331}.Debug|Any CPU.Build.0 = Debug|Any CPU
		{B081EBF4-D6E9-46D2-A7D1-F1A957C84331}.Release|Any CPU.ActiveCfg = Release|Any CPU
		{B081EBF4-D6E9-46D2-A7D1-F1A957C84331}.Release|Any CPU.Build.0 = Release|Any CPU
		{2C57E840-BAC6-4277-9805-AD7924CD17C4}.Debug|Any CPU.ActiveCfg = Debug|Any CPU
		{2C57E840-BAC6-4277-9805-AD7924CD17C4}.Debug|Any CPU.Build.0 = Debug|Any CPU
		{2C57E840-BAC6-4277-9805-AD7924CD17C4}.Release|Any CPU.ActiveCfg = Release|Any CPU
		{2C57E840-BAC6-4277-9805-AD7924CD17C4}.Release|Any CPU.Build.0 = Release|Any CPU
		{7FEB0035-D0EC-4D36-BE25-AC8182C76F9B}.Debug|Any CPU.ActiveCfg = Debug|Any CPU
		{7FEB0035-D0EC-4D36-BE25-AC8182C76F9B}.Debug|Any CPU.Build.0 = Debug|Any CPU
		{7FEB0035-D0EC-4D36-BE25-AC8182C76F9B}.Release|Any CPU.ActiveCfg = Release|Any CPU
		{7FEB0035-D0EC-4D36-BE25-AC8182C76F9B}.Release|Any CPU.Build.0 = Release|Any CPU
		{E6688FE2-60CA-4F8C-9A6B-D3D42B109FCC}.Debug|Any CPU.ActiveCfg = Debug|Any CPU
		{E6688FE2-60CA-4F8C-9A6B-D3D42B109FCC}.Debug|Any CPU.Build.0 = Debug|Any CPU
		{E6688FE2-60CA-4F8C-9A6B-D3D42B109FCC}.Release|Any CPU.ActiveCfg = Release|Any CPU
		{E6688FE2-60CA-4F8C-9A6B-D3D42B109FCC}.Release|Any CPU.Build.0 = Release|Any CPU
		{6F07AD34-E456-4481-9ECF-16A6C342A45D}.Debug|Any CPU.ActiveCfg = Debug|Any CPU
		{6F07AD34-E456-4481-9ECF-16A6C342A45D}.Debug|Any CPU.Build.0 = Debug|Any CPU
		{6F07AD34-E456-4481-9ECF-16A6C342A45D}.Release|Any CPU.ActiveCfg = Release|Any CPU
		{6F07AD34-E456-4481-9ECF-16A6C342A45D}.Release|Any CPU.Build.0 = Release|Any CPU
		{75CB2FB0-906E-4010-A201-3DFC01B01BD6}.Debug|Any CPU.ActiveCfg = Debug|Any CPU
		{75CB2FB0-906E-4010-A201-3DFC01B01BD6}.Debug|Any CPU.Build.0 = Debug|Any CPU
		{75CB2FB0-906E-4010-A201-3DFC01B01BD6}.Release|Any CPU.ActiveCfg = Release|Any CPU
		{75CB2FB0-906E-4010-A201-3DFC01B01BD6}.Release|Any CPU.Build.0 = Release|Any CPU
		{D3389D16-7237-49EA-94FB-53695C82C5D4}.Debug|Any CPU.ActiveCfg = Debug|Any CPU
		{D3389D16-7237-49EA-94FB-53695C82C5D4}.Debug|Any CPU.Build.0 = Debug|Any CPU
		{D3389D16-7237-49EA-94FB-53695C82C5D4}.Release|Any CPU.ActiveCfg = Release|Any CPU
		{D3389D16-7237-49EA-94FB-53695C82C5D4}.Release|Any CPU.Build.0 = Release|Any CPU
		{87C08998-17C4-454E-9AD5-03203DFEE926}.Debug|Any CPU.ActiveCfg = Debug|Any CPU
		{87C08998-17C4-454E-9AD5-03203DFEE926}.Debug|Any CPU.Build.0 = Debug|Any CPU
		{87C08998-17C4-454E-9AD5-03203DFEE926}.Release|Any CPU.ActiveCfg = Release|Any CPU
		{87C08998-17C4-454E-9AD5-03203DFEE926}.Release|Any CPU.Build.0 = Release|Any CPU
		{27B5EAB4-45BC-433A-A942-96282967F8C3}.Debug|Any CPU.ActiveCfg = Debug|Any CPU
		{27B5EAB4-45BC-433A-A942-96282967F8C3}.Debug|Any CPU.Build.0 = Debug|Any CPU
		{27B5EAB4-45BC-433A-A942-96282967F8C3}.Release|Any CPU.ActiveCfg = Release|Any CPU
		{27B5EAB4-45BC-433A-A942-96282967F8C3}.Release|Any CPU.Build.0 = Release|Any CPU
		{702D3F48-FAE6-437C-A4D4-893172E628F5}.Debug|Any CPU.ActiveCfg = Debug|Any CPU
		{702D3F48-FAE6-437C-A4D4-893172E628F5}.Debug|Any CPU.Build.0 = Debug|Any CPU
		{702D3F48-FAE6-437C-A4D4-893172E628F5}.Release|Any CPU.ActiveCfg = Release|Any CPU
		{702D3F48-FAE6-437C-A4D4-893172E628F5}.Release|Any CPU.Build.0 = Release|Any CPU
		{BBB32F07-0BA4-4AF5-909E-6E43C25C8CDD}.Debug|Any CPU.ActiveCfg = Debug|Any CPU
		{BBB32F07-0BA4-4AF5-909E-6E43C25C8CDD}.Debug|Any CPU.Build.0 = Debug|Any CPU
		{BBB32F07-0BA4-4AF5-909E-6E43C25C8CDD}.Release|Any CPU.ActiveCfg = Release|Any CPU
		{BBB32F07-0BA4-4AF5-909E-6E43C25C8CDD}.Release|Any CPU.Build.0 = Release|Any CPU
		{267640F9-2BD7-4C88-87D7-AA2B29912F43}.Debug|Any CPU.ActiveCfg = Debug|Any CPU
		{267640F9-2BD7-4C88-87D7-AA2B29912F43}.Debug|Any CPU.Build.0 = Debug|Any CPU
		{267640F9-2BD7-4C88-87D7-AA2B29912F43}.Release|Any CPU.ActiveCfg = Release|Any CPU
		{267640F9-2BD7-4C88-87D7-AA2B29912F43}.Release|Any CPU.Build.0 = Release|Any CPU
		{31B741FB-A219-40D9-ABB1-33535DD06FF4}.Debug|Any CPU.ActiveCfg = Debug|Any CPU
		{31B741FB-A219-40D9-ABB1-33535DD06FF4}.Debug|Any CPU.Build.0 = Debug|Any CPU
		{31B741FB-A219-40D9-ABB1-33535DD06FF4}.Release|Any CPU.ActiveCfg = Release|Any CPU
		{31B741FB-A219-40D9-ABB1-33535DD06FF4}.Release|Any CPU.Build.0 = Release|Any CPU
		{541EF2D5-0E2F-44E8-914D-B2B8C138A5AD}.Debug|Any CPU.ActiveCfg = Debug|Any CPU
		{541EF2D5-0E2F-44E8-914D-B2B8C138A5AD}.Debug|Any CPU.Build.0 = Debug|Any CPU
		{541EF2D5-0E2F-44E8-914D-B2B8C138A5AD}.Release|Any CPU.ActiveCfg = Release|Any CPU
		{541EF2D5-0E2F-44E8-914D-B2B8C138A5AD}.Release|Any CPU.Build.0 = Release|Any CPU
		{42135177-5B2E-4CB5-979C-47702759C98F}.Debug|Any CPU.ActiveCfg = Debug|Any CPU
		{42135177-5B2E-4CB5-979C-47702759C98F}.Debug|Any CPU.Build.0 = Debug|Any CPU
		{42135177-5B2E-4CB5-979C-47702759C98F}.Release|Any CPU.ActiveCfg = Release|Any CPU
		{42135177-5B2E-4CB5-979C-47702759C98F}.Release|Any CPU.Build.0 = Release|Any CPU
		{FF26057D-6BF6-437F-8EEF-E6CB81412C09}.Debug|Any CPU.ActiveCfg = Debug|Any CPU
		{FF26057D-6BF6-437F-8EEF-E6CB81412C09}.Debug|Any CPU.Build.0 = Debug|Any CPU
		{FF26057D-6BF6-437F-8EEF-E6CB81412C09}.Release|Any CPU.ActiveCfg = Release|Any CPU
		{FF26057D-6BF6-437F-8EEF-E6CB81412C09}.Release|Any CPU.Build.0 = Release|Any CPU
		{9E0B7AC7-8D9D-450E-85D4-E5723A109034}.Debug|Any CPU.ActiveCfg = Debug|Any CPU
		{9E0B7AC7-8D9D-450E-85D4-E5723A109034}.Debug|Any CPU.Build.0 = Debug|Any CPU
		{9E0B7AC7-8D9D-450E-85D4-E5723A109034}.Release|Any CPU.ActiveCfg = Release|Any CPU
		{9E0B7AC7-8D9D-450E-85D4-E5723A109034}.Release|Any CPU.Build.0 = Release|Any CPU
		{C2F8A946-4643-4F1E-9C38-D96108C4051B}.Debug|Any CPU.ActiveCfg = Debug|Any CPU
		{C2F8A946-4643-4F1E-9C38-D96108C4051B}.Debug|Any CPU.Build.0 = Debug|Any CPU
		{C2F8A946-4643-4F1E-9C38-D96108C4051B}.Release|Any CPU.ActiveCfg = Release|Any CPU
		{C2F8A946-4643-4F1E-9C38-D96108C4051B}.Release|Any CPU.Build.0 = Release|Any CPU
		{00F4CAB7-D5DD-439B-B973-33A1617D7BCF}.Debug|Any CPU.ActiveCfg = Debug|Any CPU
		{00F4CAB7-D5DD-439B-B973-33A1617D7BCF}.Debug|Any CPU.Build.0 = Debug|Any CPU
		{00F4CAB7-D5DD-439B-B973-33A1617D7BCF}.Release|Any CPU.ActiveCfg = Release|Any CPU
		{00F4CAB7-D5DD-439B-B973-33A1617D7BCF}.Release|Any CPU.Build.0 = Release|Any CPU
	EndGlobalSection
	GlobalSection(SolutionProperties) = preSolution
		HideSolutionNode = FALSE
	EndGlobalSection
	GlobalSection(NestedProjects) = preSolution
		{AC4C07E9-6470-44DA-A585-CBF0308B5FE5} = {0CCF0367-D049-4DDD-8233-8F0DC7D0E158}
		{B081EBF4-D6E9-46D2-A7D1-F1A957C84331} = {0CCF0367-D049-4DDD-8233-8F0DC7D0E158}
		{2C57E840-BAC6-4277-9805-AD7924CD17C4} = {0CCF0367-D049-4DDD-8233-8F0DC7D0E158}
		{7FEB0035-D0EC-4D36-BE25-AC8182C76F9B} = {0CCF0367-D049-4DDD-8233-8F0DC7D0E158}
		{75CB2FB0-906E-4010-A201-3DFC01B01BD6} = {64928F5B-120F-4166-AEAD-944773A04BE9}
		{D3389D16-7237-49EA-94FB-53695C82C5D4} = {64928F5B-120F-4166-AEAD-944773A04BE9}
		{87C08998-17C4-454E-9AD5-03203DFEE926} = {64928F5B-120F-4166-AEAD-944773A04BE9}
		{27B5EAB4-45BC-433A-A942-96282967F8C3} = {64928F5B-120F-4166-AEAD-944773A04BE9}
		{702D3F48-FAE6-437C-A4D4-893172E628F5} = {7B9D8F9E-3E02-480B-B4DC-02C87ABB550E}
		{BBB32F07-0BA4-4AF5-909E-6E43C25C8CDD} = {7B9D8F9E-3E02-480B-B4DC-02C87ABB550E}
		{267640F9-2BD7-4C88-87D7-AA2B29912F43} = {7B9D8F9E-3E02-480B-B4DC-02C87ABB550E}
		{31B741FB-A219-40D9-ABB1-33535DD06FF4} = {7B9D8F9E-3E02-480B-B4DC-02C87ABB550E}
		{42135177-5B2E-4CB5-979C-47702759C98F} = {CDCF1740-D46D-4505-8E06-882C85CB5253}
		{FF26057D-6BF6-437F-8EEF-E6CB81412C09} = {74A1757F-5451-411F-917D-006263727BFD}
		{9E0B7AC7-8D9D-450E-85D4-E5723A109034} = {74A1757F-5451-411F-917D-006263727BFD}
		{C2F8A946-4643-4F1E-9C38-D96108C4051B} = {74A1757F-5451-411F-917D-006263727BFD}
		{00F4CAB7-D5DD-439B-B973-33A1617D7BCF} = {74A1757F-5451-411F-917D-006263727BFD}
	EndGlobalSection
	GlobalSection(ExtensibilityGlobals) = postSolution
		SolutionGuid = {A8A460A8-9D86-4CE7-9CEE-B99144366644}
	EndGlobalSection
EndGlobal
